// !$*UTF8*$!
{
	archiveVersion = 1;
	classes = {
	};
	objectVersion = 50;
	objects = {

/* Begin PBXBuildFile section */
		427D682124EC713F005E4542 /* ListView.swift in Sources */ = {isa = PBXBuildFile; fileRef = 427D682024EC713F005E4542 /* ListView.swift */; };
		6473EDBF2437659600A10F2C /* DetailViewModel.swift in Sources */ = {isa = PBXBuildFile; fileRef = 6473EDBE2437659600A10F2C /* DetailViewModel.swift */; };
		6473EDC1243766D600A10F2C /* DetailViewController.swift in Sources */ = {isa = PBXBuildFile; fileRef = 6473EDC0243766D600A10F2C /* DetailViewController.swift */; };
		648BE0D42434500900FDC19D /* AppDelegate.swift in Sources */ = {isa = PBXBuildFile; fileRef = 648BE0D32434500900FDC19D /* AppDelegate.swift */; };
		648BE0D82434500900FDC19D /* ListViewController.swift in Sources */ = {isa = PBXBuildFile; fileRef = 648BE0D72434500900FDC19D /* ListViewController.swift */; };
		648BE0DB2434500900FDC19D /* Main.storyboard in Resources */ = {isa = PBXBuildFile; fileRef = 648BE0D92434500900FDC19D /* Main.storyboard */; };
		648BE0DD2434500D00FDC19D /* Assets.xcassets in Resources */ = {isa = PBXBuildFile; fileRef = 648BE0DC2434500D00FDC19D /* Assets.xcassets */; };
		648BE0E02434500D00FDC19D /* LaunchScreen.storyboard in Resources */ = {isa = PBXBuildFile; fileRef = 648BE0DE2434500D00FDC19D /* LaunchScreen.storyboard */; };
		648BE0EE243450BE00FDC19D /* Character.swift in Sources */ = {isa = PBXBuildFile; fileRef = 648BE0ED243450BE00FDC19D /* Character.swift */; };
		648BE0F0243450DE00FDC19D /* CharacterResponse.swift in Sources */ = {isa = PBXBuildFile; fileRef = 648BE0EF243450DE00FDC19D /* CharacterResponse.swift */; };
		648BE0F42434520600FDC19D /* AppCoordinator.swift in Sources */ = {isa = PBXBuildFile; fileRef = 648BE0F32434520600FDC19D /* AppCoordinator.swift */; };
		648BE0F62434530200FDC19D /* Coordinator.swift in Sources */ = {isa = PBXBuildFile; fileRef = 648BE0F52434530200FDC19D /* Coordinator.swift */; };
		648BE0F8243453DF00FDC19D /* CharacterCoordinator.swift in Sources */ = {isa = PBXBuildFile; fileRef = 648BE0F7243453DF00FDC19D /* CharacterCoordinator.swift */; };
		64A912E72435772F00EBCE16 /* Storyboarded.swift in Sources */ = {isa = PBXBuildFile; fileRef = 64A912E62435772F00EBCE16 /* Storyboarded.swift */; };
		64A912EA243581DD00EBCE16 /* EpisodeResponse.swift in Sources */ = {isa = PBXBuildFile; fileRef = 64A912E9243581DD00EBCE16 /* EpisodeResponse.swift */; };
		64A912EC243582B100EBCE16 /* Episode.swift in Sources */ = {isa = PBXBuildFile; fileRef = 64A912EB243582B100EBCE16 /* Episode.swift */; };
		64A912F124369EB600EBCE16 /* InitialViewController.swift in Sources */ = {isa = PBXBuildFile; fileRef = 64A912F024369EB600EBCE16 /* InitialViewController.swift */; };
		64A912F52436AF9400EBCE16 /* InitialCoordinator.swift in Sources */ = {isa = PBXBuildFile; fileRef = 64A912F42436AF9400EBCE16 /* InitialCoordinator.swift */; };
		64A912F72436B17200EBCE16 /* InitialViewModel.swift in Sources */ = {isa = PBXBuildFile; fileRef = 64A912F62436B17200EBCE16 /* InitialViewModel.swift */; };
		64A912FE2436E48900EBCE16 /* Bindable.swift in Sources */ = {isa = PBXBuildFile; fileRef = 64A912FD2436E48900EBCE16 /* Bindable.swift */; };
		64A913002436E4B800EBCE16 /* Stack.swift in Sources */ = {isa = PBXBuildFile; fileRef = 64A912FF2436E4B800EBCE16 /* Stack.swift */; };
		64CA57A52434B6C200E6E2FC /* CharacterListViewModel.swift in Sources */ = {isa = PBXBuildFile; fileRef = 64CA57A42434B6C200E6E2FC /* CharacterListViewModel.swift */; };
		64CA57A82434C9D900E6E2FC /* BaseService.swift in Sources */ = {isa = PBXBuildFile; fileRef = 64CA57A72434C9D900E6E2FC /* BaseService.swift */; };
		64CA57AB2434DA6F00E6E2FC /* Router.swift in Sources */ = {isa = PBXBuildFile; fileRef = 64CA57AA2434DA6F00E6E2FC /* Router.swift */; };
		64CA57AD24350A5700E6E2FC /* CharacterRouter.swift in Sources */ = {isa = PBXBuildFile; fileRef = 64CA57AC24350A5700E6E2FC /* CharacterRouter.swift */; };
		64CA57B024350BD300E6E2FC /* RickAndMortyService.swift in Sources */ = {isa = PBXBuildFile; fileRef = 64CA57AF24350BD300E6E2FC /* RickAndMortyService.swift */; };
/* End PBXBuildFile section */

/* Begin PBXFileReference section */
		427D682024EC713F005E4542 /* ListView.swift */ = {isa = PBXFileReference; lastKnownFileType = sourcecode.swift; path = ListView.swift; sourceTree = "<group>"; };
		6473EDBE2437659600A10F2C /* DetailViewModel.swift */ = {isa = PBXFileReference; lastKnownFileType = sourcecode.swift; path = DetailViewModel.swift; sourceTree = "<group>"; };
		6473EDC0243766D600A10F2C /* DetailViewController.swift */ = {isa = PBXFileReference; lastKnownFileType = sourcecode.swift; path = DetailViewController.swift; sourceTree = "<group>"; };
		648BE0D02434500900FDC19D /* MVVM-POC.app */ = {isa = PBXFileReference; explicitFileType = wrapper.application; includeInIndex = 0; path = "MVVM-POC.app"; sourceTree = BUILT_PRODUCTS_DIR; };
		648BE0D32434500900FDC19D /* AppDelegate.swift */ = {isa = PBXFileReference; lastKnownFileType = sourcecode.swift; path = AppDelegate.swift; sourceTree = "<group>"; };
		648BE0D72434500900FDC19D /* ListViewController.swift */ = {isa = PBXFileReference; lastKnownFileType = sourcecode.swift; path = ListViewController.swift; sourceTree = "<group>"; };
		648BE0DA2434500900FDC19D /* Base */ = {isa = PBXFileReference; lastKnownFileType = file.storyboard; name = Base; path = Base.lproj/Main.storyboard; sourceTree = "<group>"; };
		648BE0DC2434500D00FDC19D /* Assets.xcassets */ = {isa = PBXFileReference; lastKnownFileType = folder.assetcatalog; path = Assets.xcassets; sourceTree = "<group>"; };
		648BE0DF2434500D00FDC19D /* Base */ = {isa = PBXFileReference; lastKnownFileType = file.storyboard; name = Base; path = Base.lproj/LaunchScreen.storyboard; sourceTree = "<group>"; };
		648BE0E12434500D00FDC19D /* Info.plist */ = {isa = PBXFileReference; lastKnownFileType = text.plist.xml; path = Info.plist; sourceTree = "<group>"; };
		648BE0ED243450BE00FDC19D /* Character.swift */ = {isa = PBXFileReference; lastKnownFileType = sourcecode.swift; path = Character.swift; sourceTree = "<group>"; };
		648BE0EF243450DE00FDC19D /* CharacterResponse.swift */ = {isa = PBXFileReference; lastKnownFileType = sourcecode.swift; path = CharacterResponse.swift; sourceTree = "<group>"; };
		648BE0F32434520600FDC19D /* AppCoordinator.swift */ = {isa = PBXFileReference; lastKnownFileType = sourcecode.swift; path = AppCoordinator.swift; sourceTree = "<group>"; };
		648BE0F52434530200FDC19D /* Coordinator.swift */ = {isa = PBXFileReference; lastKnownFileType = sourcecode.swift; path = Coordinator.swift; sourceTree = "<group>"; };
		648BE0F7243453DF00FDC19D /* CharacterCoordinator.swift */ = {isa = PBXFileReference; lastKnownFileType = sourcecode.swift; path = CharacterCoordinator.swift; sourceTree = "<group>"; };
		64A912E62435772F00EBCE16 /* Storyboarded.swift */ = {isa = PBXFileReference; lastKnownFileType = sourcecode.swift; path = Storyboarded.swift; sourceTree = "<group>"; };
		64A912E9243581DD00EBCE16 /* EpisodeResponse.swift */ = {isa = PBXFileReference; lastKnownFileType = sourcecode.swift; path = EpisodeResponse.swift; sourceTree = "<group>"; };
		64A912EB243582B100EBCE16 /* Episode.swift */ = {isa = PBXFileReference; lastKnownFileType = sourcecode.swift; path = Episode.swift; sourceTree = "<group>"; };
		64A912F024369EB600EBCE16 /* InitialViewController.swift */ = {isa = PBXFileReference; lastKnownFileType = sourcecode.swift; path = InitialViewController.swift; sourceTree = "<group>"; };
		64A912F42436AF9400EBCE16 /* InitialCoordinator.swift */ = {isa = PBXFileReference; lastKnownFileType = sourcecode.swift; path = InitialCoordinator.swift; sourceTree = "<group>"; };
		64A912F62436B17200EBCE16 /* InitialViewModel.swift */ = {isa = PBXFileReference; lastKnownFileType = sourcecode.swift; path = InitialViewModel.swift; sourceTree = "<group>"; };
		64A912FD2436E48900EBCE16 /* Bindable.swift */ = {isa = PBXFileReference; lastKnownFileType = sourcecode.swift; path = Bindable.swift; sourceTree = "<group>"; };
		64A912FF2436E4B800EBCE16 /* Stack.swift */ = {isa = PBXFileReference; lastKnownFileType = sourcecode.swift; path = Stack.swift; sourceTree = "<group>"; };
		64CA57A42434B6C200E6E2FC /* CharacterListViewModel.swift */ = {isa = PBXFileReference; lastKnownFileType = sourcecode.swift; path = CharacterListViewModel.swift; sourceTree = "<group>"; };
		64CA57A72434C9D900E6E2FC /* BaseService.swift */ = {isa = PBXFileReference; lastKnownFileType = sourcecode.swift; path = BaseService.swift; sourceTree = "<group>"; };
		64CA57AA2434DA6F00E6E2FC /* Router.swift */ = {isa = PBXFileReference; lastKnownFileType = sourcecode.swift; path = Router.swift; sourceTree = "<group>"; };
		64CA57AC24350A5700E6E2FC /* CharacterRouter.swift */ = {isa = PBXFileReference; lastKnownFileType = sourcecode.swift; path = CharacterRouter.swift; sourceTree = "<group>"; };
		64CA57AF24350BD300E6E2FC /* RickAndMortyService.swift */ = {isa = PBXFileReference; lastKnownFileType = sourcecode.swift; path = RickAndMortyService.swift; sourceTree = "<group>"; };
/* End PBXFileReference section */

/* Begin PBXFrameworksBuildPhase section */
		648BE0CD2434500900FDC19D /* Frameworks */ = {
			isa = PBXFrameworksBuildPhase;
			buildActionMask = 2147483647;
			files = (
			);
			runOnlyForDeploymentPostprocessing = 0;
		};
/* End PBXFrameworksBuildPhase section */

/* Begin PBXGroup section */
		648BE0C72434500900FDC19D = {
			isa = PBXGroup;
			children = (
				648BE0D22434500900FDC19D /* MVVM-POC */,
				648BE0D12434500900FDC19D /* Products */,
			);
			sourceTree = "<group>";
		};
		648BE0D12434500900FDC19D /* Products */ = {
			isa = PBXGroup;
			children = (
				648BE0D02434500900FDC19D /* MVVM-POC.app */,
			);
			name = Products;
			sourceTree = "<group>";
		};
		648BE0D22434500900FDC19D /* MVVM-POC */ = {
			isa = PBXGroup;
			children = (
				648BE0EA2434506500FDC19D /* Core */,
				648BE0E12434500D00FDC19D /* Info.plist */,
			);
			path = "MVVM-POC";
			sourceTree = "<group>";
		};
		648BE0E92434505A00FDC19D /* Model */ = {
			isa = PBXGroup;
			children = (
				648BE0F12434510A00FDC19D /* Network */,
				648BE0ED243450BE00FDC19D /* Character.swift */,
				64A912EB243582B100EBCE16 /* Episode.swift */,
			);
			path = Model;
			sourceTree = "<group>";
		};
		648BE0EA2434506500FDC19D /* Core */ = {
			isa = PBXGroup;
			children = (
				648BE0F32434520600FDC19D /* AppCoordinator.swift */,
				648BE0D32434500900FDC19D /* AppDelegate.swift */,
				648BE0F22434516600FDC19D /* Coordinator */,
				64A912ED24369E5400EBCE16 /* Controllers */,
				64A912FC2436E47B00EBCE16 /* Helper */,
				648BE0E92434505A00FDC19D /* Model */,
				64CA57A62434C98D00E6E2FC /* Network */,
				648BE0EC2434508600FDC19D /* Resource */,
				64A912E62435772F00EBCE16 /* Storyboarded.swift */,
			);
			path = Core;
			sourceTree = "<group>";
		};
		648BE0EB2434506E00FDC19D /* List */ = {
			isa = PBXGroup;
			children = (
				64CA57A32434B69F00E6E2FC /* ViewModel */,
				648BE0D72434500900FDC19D /* ListViewController.swift */,
				427D682024EC713F005E4542 /* ListView.swift */,
			);
			path = List;
			sourceTree = "<group>";
		};
		648BE0EC2434508600FDC19D /* Resource */ = {
			isa = PBXGroup;
			children = (
				648BE0D92434500900FDC19D /* Main.storyboard */,
				648BE0DC2434500D00FDC19D /* Assets.xcassets */,
				648BE0DE2434500D00FDC19D /* LaunchScreen.storyboard */,
			);
			path = Resource;
			sourceTree = "<group>";
		};
		648BE0F12434510A00FDC19D /* Network */ = {
			isa = PBXGroup;
			children = (
				648BE0EF243450DE00FDC19D /* CharacterResponse.swift */,
				64A912E9243581DD00EBCE16 /* EpisodeResponse.swift */,
			);
			path = Network;
			sourceTree = "<group>";
		};
		648BE0F22434516600FDC19D /* Coordinator */ = {
			isa = PBXGroup;
			children = (
				648BE0F52434530200FDC19D /* Coordinator.swift */,
				648BE0F7243453DF00FDC19D /* CharacterCoordinator.swift */,
				64A912F42436AF9400EBCE16 /* InitialCoordinator.swift */,
			);
			path = Coordinator;
			sourceTree = "<group>";
		};
		64A912E8243580EA00EBCE16 /* Base */ = {
			isa = PBXGroup;
			children = (
				64CA57A72434C9D900E6E2FC /* BaseService.swift */,
				64CA57AA2434DA6F00E6E2FC /* Router.swift */,
			);
			path = Base;
			sourceTree = "<group>";
		};
		64A912ED24369E5400EBCE16 /* Controllers */ = {
			isa = PBXGroup;
			children = (
				64A912EF24369E7000EBCE16 /* Detail */,
				64A912EE24369E6800EBCE16 /* Initial */,
				648BE0EB2434506E00FDC19D /* List */,
			);
			path = Controllers;
			sourceTree = "<group>";
		};
		64A912EE24369E6800EBCE16 /* Initial */ = {
			isa = PBXGroup;
			children = (
				64A912F024369EB600EBCE16 /* InitialViewController.swift */,
				64A912F62436B17200EBCE16 /* InitialViewModel.swift */,
			);
			path = Initial;
			sourceTree = "<group>";
		};
		64A912EF24369E7000EBCE16 /* Detail */ = {
			isa = PBXGroup;
			children = (
				6473EDBE2437659600A10F2C /* DetailViewModel.swift */,
				6473EDC0243766D600A10F2C /* DetailViewController.swift */,
			);
			path = Detail;
			sourceTree = "<group>";
		};
		64A912FC2436E47B00EBCE16 /* Helper */ = {
			isa = PBXGroup;
			children = (
				64A912FD2436E48900EBCE16 /* Bindable.swift */,
				64A912FF2436E4B800EBCE16 /* Stack.swift */,
			);
			path = Helper;
			sourceTree = "<group>";
		};
		64CA57A32434B69F00E6E2FC /* ViewModel */ = {
			isa = PBXGroup;
			children = (
				64CA57A42434B6C200E6E2FC /* CharacterListViewModel.swift */,
			);
			path = ViewModel;
			sourceTree = "<group>";
		};
		64CA57A62434C98D00E6E2FC /* Network */ = {
			isa = PBXGroup;
			children = (
				64A912E8243580EA00EBCE16 /* Base */,
				64CA57AE24350BB100E6E2FC /* Service */,
				64CA57A92434C9E700E6E2FC /* Router */,
			);
			path = Network;
			sourceTree = "<group>";
		};
		64CA57A92434C9E700E6E2FC /* Router */ = {
			isa = PBXGroup;
			children = (
				64CA57AC24350A5700E6E2FC /* CharacterRouter.swift */,
			);
			path = Router;
			sourceTree = "<group>";
		};
		64CA57AE24350BB100E6E2FC /* Service */ = {
			isa = PBXGroup;
			children = (
				64CA57AF24350BD300E6E2FC /* RickAndMortyService.swift */,
			);
			path = Service;
			sourceTree = "<group>";
		};
/* End PBXGroup section */

/* Begin PBXNativeTarget section */
		648BE0CF2434500900FDC19D /* MVVM-POC */ = {
			isa = PBXNativeTarget;
			buildConfigurationList = 648BE0E42434500D00FDC19D /* Build configuration list for PBXNativeTarget "MVVM-POC" */;
			buildPhases = (
				648BE0CC2434500900FDC19D /* Sources */,
				648BE0CD2434500900FDC19D /* Frameworks */,
				648BE0CE2434500900FDC19D /* Resources */,
			);
			buildRules = (
			);
			dependencies = (
			);
			name = "MVVM-POC";
			productName = "MVVM-POC";
			productReference = 648BE0D02434500900FDC19D /* MVVM-POC.app */;
			productType = "com.apple.product-type.application";
		};
/* End PBXNativeTarget section */

/* Begin PBXProject section */
		648BE0C82434500900FDC19D /* Project object */ = {
			isa = PBXProject;
			attributes = {
				LastSwiftUpdateCheck = 1140;
				LastUpgradeCheck = 1140;
				ORGANIZATIONNAME = Bernardo;
				TargetAttributes = {
					648BE0CF2434500900FDC19D = {
						CreatedOnToolsVersion = 11.4;
					};
				};
			};
			buildConfigurationList = 648BE0CB2434500900FDC19D /* Build configuration list for PBXProject "MVVM-POC" */;
			compatibilityVersion = "Xcode 9.3";
			developmentRegion = en;
			hasScannedForEncodings = 0;
			knownRegions = (
				en,
				Base,
			);
			mainGroup = 648BE0C72434500900FDC19D;
			productRefGroup = 648BE0D12434500900FDC19D /* Products */;
			projectDirPath = "";
			projectRoot = "";
			targets = (
				648BE0CF2434500900FDC19D /* MVVM-POC */,
			);
		};
/* End PBXProject section */

/* Begin PBXResourcesBuildPhase section */
		648BE0CE2434500900FDC19D /* Resources */ = {
			isa = PBXResourcesBuildPhase;
			buildActionMask = 2147483647;
			files = (
				648BE0E02434500D00FDC19D /* LaunchScreen.storyboard in Resources */,
				648BE0DD2434500D00FDC19D /* Assets.xcassets in Resources */,
				648BE0DB2434500900FDC19D /* Main.storyboard in Resources */,
			);
			runOnlyForDeploymentPostprocessing = 0;
		};
/* End PBXResourcesBuildPhase section */

/* Begin PBXSourcesBuildPhase section */
		648BE0CC2434500900FDC19D /* Sources */ = {
			isa = PBXSourcesBuildPhase;
			buildActionMask = 2147483647;
			files = (
				64A912EA243581DD00EBCE16 /* EpisodeResponse.swift in Sources */,
				64A912F52436AF9400EBCE16 /* InitialCoordinator.swift in Sources */,
				6473EDC1243766D600A10F2C /* DetailViewController.swift in Sources */,
				64A912EC243582B100EBCE16 /* Episode.swift in Sources */,
				648BE0F8243453DF00FDC19D /* CharacterCoordinator.swift in Sources */,
				64A912FE2436E48900EBCE16 /* Bindable.swift in Sources */,
				648BE0F42434520600FDC19D /* AppCoordinator.swift in Sources */,
				64A912E72435772F00EBCE16 /* Storyboarded.swift in Sources */,
				6473EDBF2437659600A10F2C /* DetailViewModel.swift in Sources */,
				648BE0D82434500900FDC19D /* ListViewController.swift in Sources */,
				648BE0D42434500900FDC19D /* AppDelegate.swift in Sources */,
				64A912F124369EB600EBCE16 /* InitialViewController.swift in Sources */,
				64A913002436E4B800EBCE16 /* Stack.swift in Sources */,
				64CA57AB2434DA6F00E6E2FC /* Router.swift in Sources */,
				648BE0F0243450DE00FDC19D /* CharacterResponse.swift in Sources */,
				64A912F72436B17200EBCE16 /* InitialViewModel.swift in Sources */,
				648BE0EE243450BE00FDC19D /* Character.swift in Sources */,
				64CA57B024350BD300E6E2FC /* RickAndMortyService.swift in Sources */,
				64CA57A52434B6C200E6E2FC /* CharacterListViewModel.swift in Sources */,
				648BE0F62434530200FDC19D /* Coordinator.swift in Sources */,
				427D682124EC713F005E4542 /* ListView.swift in Sources */,
				64CA57A82434C9D900E6E2FC /* BaseService.swift in Sources */,
				64CA57AD24350A5700E6E2FC /* CharacterRouter.swift in Sources */,
			);
			runOnlyForDeploymentPostprocessing = 0;
		};
/* End PBXSourcesBuildPhase section */

/* Begin PBXVariantGroup section */
		648BE0D92434500900FDC19D /* Main.storyboard */ = {
			isa = PBXVariantGroup;
			children = (
				648BE0DA2434500900FDC19D /* Base */,
			);
			name = Main.storyboard;
			sourceTree = "<group>";
		};
		648BE0DE2434500D00FDC19D /* LaunchScreen.storyboard */ = {
			isa = PBXVariantGroup;
			children = (
				648BE0DF2434500D00FDC19D /* Base */,
			);
			name = LaunchScreen.storyboard;
			sourceTree = "<group>";
		};
/* End PBXVariantGroup section */

/* Begin XCBuildConfiguration section */
		648BE0E22434500D00FDC19D /* Debug */ = {
			isa = XCBuildConfiguration;
			buildSettings = {
				ALWAYS_SEARCH_USER_PATHS = NO;
				CLANG_ANALYZER_NONNULL = YES;
				CLANG_ANALYZER_NUMBER_OBJECT_CONVERSION = YES_AGGRESSIVE;
				CLANG_CXX_LANGUAGE_STANDARD = "gnu++14";
				CLANG_CXX_LIBRARY = "libc++";
				CLANG_ENABLE_MODULES = YES;
				CLANG_ENABLE_OBJC_ARC = YES;
				CLANG_ENABLE_OBJC_WEAK = YES;
				CLANG_WARN_BLOCK_CAPTURE_AUTORELEASING = YES;
				CLANG_WARN_BOOL_CONVERSION = YES;
				CLANG_WARN_COMMA = YES;
				CLANG_WARN_CONSTANT_CONVERSION = YES;
				CLANG_WARN_DEPRECATED_OBJC_IMPLEMENTATIONS = YES;
				CLANG_WARN_DIRECT_OBJC_ISA_USAGE = YES_ERROR;
				CLANG_WARN_DOCUMENTATION_COMMENTS = YES;
				CLANG_WARN_EMPTY_BODY = YES;
				CLANG_WARN_ENUM_CONVERSION = YES;
				CLANG_WARN_INFINITE_RECURSION = YES;
				CLANG_WARN_INT_CONVERSION = YES;
				CLANG_WARN_NON_LITERAL_NULL_CONVERSION = YES;
				CLANG_WARN_OBJC_IMPLICIT_RETAIN_SELF = YES;
				CLANG_WARN_OBJC_LITERAL_CONVERSION = YES;
				CLANG_WARN_OBJC_ROOT_CLASS = YES_ERROR;
				CLANG_WARN_RANGE_LOOP_ANALYSIS = YES;
				CLANG_WARN_STRICT_PROTOTYPES = YES;
				CLANG_WARN_SUSPICIOUS_MOVE = YES;
				CLANG_WARN_UNGUARDED_AVAILABILITY = YES_AGGRESSIVE;
				CLANG_WARN_UNREACHABLE_CODE = YES;
				CLANG_WARN__DUPLICATE_METHOD_MATCH = YES;
				COPY_PHASE_STRIP = NO;
				DEBUG_INFORMATION_FORMAT = dwarf;
				ENABLE_STRICT_OBJC_MSGSEND = YES;
				ENABLE_TESTABILITY = YES;
				GCC_C_LANGUAGE_STANDARD = gnu11;
				GCC_DYNAMIC_NO_PIC = NO;
				GCC_NO_COMMON_BLOCKS = YES;
				GCC_OPTIMIZATION_LEVEL = 0;
				GCC_PREPROCESSOR_DEFINITIONS = (
					"DEBUG=1",
					"$(inherited)",
				);
				GCC_WARN_64_TO_32_BIT_CONVERSION = YES;
				GCC_WARN_ABOUT_RETURN_TYPE = YES_ERROR;
				GCC_WARN_UNDECLARED_SELECTOR = YES;
				GCC_WARN_UNINITIALIZED_AUTOS = YES_AGGRESSIVE;
				GCC_WARN_UNUSED_FUNCTION = YES;
				GCC_WARN_UNUSED_VARIABLE = YES;
				IPHONEOS_DEPLOYMENT_TARGET = 11.0;
				MTL_ENABLE_DEBUG_INFO = INCLUDE_SOURCE;
				MTL_FAST_MATH = YES;
				ONLY_ACTIVE_ARCH = YES;
				SDKROOT = iphoneos;
				SWIFT_ACTIVE_COMPILATION_CONDITIONS = DEBUG;
				SWIFT_OPTIMIZATION_LEVEL = "-Onone";
			};
			name = Debug;
		};
		648BE0E32434500D00FDC19D /* Release */ = {
			isa = XCBuildConfiguration;
			buildSettings = {
				ALWAYS_SEARCH_USER_PATHS = NO;
				CLANG_ANALYZER_NONNULL = YES;
				CLANG_ANALYZER_NUMBER_OBJECT_CONVERSION = YES_AGGRESSIVE;
				CLANG_CXX_LANGUAGE_STANDARD = "gnu++14";
				CLANG_CXX_LIBRARY = "libc++";
				CLANG_ENABLE_MODULES = YES;
				CLANG_ENABLE_OBJC_ARC = YES;
				CLANG_ENABLE_OBJC_WEAK = YES;
				CLANG_WARN_BLOCK_CAPTURE_AUTORELEASING = YES;
				CLANG_WARN_BOOL_CONVERSION = YES;
				CLANG_WARN_COMMA = YES;
				CLANG_WARN_CONSTANT_CONVERSION = YES;
				CLANG_WARN_DEPRECATED_OBJC_IMPLEMENTATIONS = YES;
				CLANG_WARN_DIRECT_OBJC_ISA_USAGE = YES_ERROR;
				CLANG_WARN_DOCUMENTATION_COMMENTS = YES;
				CLANG_WARN_EMPTY_BODY = YES;
				CLANG_WARN_ENUM_CONVERSION = YES;
				CLANG_WARN_INFINITE_RECURSION = YES;
				CLANG_WARN_INT_CONVERSION = YES;
				CLANG_WARN_NON_LITERAL_NULL_CONVERSION = YES;
				CLANG_WARN_OBJC_IMPLICIT_RETAIN_SELF = YES;
				CLANG_WARN_OBJC_LITERAL_CONVERSION = YES;
				CLANG_WARN_OBJC_ROOT_CLASS = YES_ERROR;
				CLANG_WARN_RANGE_LOOP_ANALYSIS = YES;
				CLANG_WARN_STRICT_PROTOTYPES = YES;
				CLANG_WARN_SUSPICIOUS_MOVE = YES;
				CLANG_WARN_UNGUARDED_AVAILABILITY = YES_AGGRESSIVE;
				CLANG_WARN_UNREACHABLE_CODE = YES;
				CLANG_WARN__DUPLICATE_METHOD_MATCH = YES;
				COPY_PHASE_STRIP = NO;
				DEBUG_INFORMATION_FORMAT = "dwarf-with-dsym";
				ENABLE_NS_ASSERTIONS = NO;
				ENABLE_STRICT_OBJC_MSGSEND = YES;
				GCC_C_LANGUAGE_STANDARD = gnu11;
				GCC_NO_COMMON_BLOCKS = YES;
				GCC_WARN_64_TO_32_BIT_CONVERSION = YES;
				GCC_WARN_ABOUT_RETURN_TYPE = YES_ERROR;
				GCC_WARN_UNDECLARED_SELECTOR = YES;
				GCC_WARN_UNINITIALIZED_AUTOS = YES_AGGRESSIVE;
				GCC_WARN_UNUSED_FUNCTION = YES;
				GCC_WARN_UNUSED_VARIABLE = YES;
				IPHONEOS_DEPLOYMENT_TARGET = 11.0;
				MTL_ENABLE_DEBUG_INFO = NO;
				MTL_FAST_MATH = YES;
				SDKROOT = iphoneos;
				SWIFT_COMPILATION_MODE = wholemodule;
				SWIFT_OPTIMIZATION_LEVEL = "-O";
				VALIDATE_PRODUCT = YES;
			};
			name = Release;
		};
		648BE0E52434500D00FDC19D /* Debug */ = {
			isa = XCBuildConfiguration;
			buildSettings = {
				ASSETCATALOG_COMPILER_APPICON_NAME = AppIcon;
				CODE_SIGN_STYLE = Automatic;
				DEVELOPMENT_TEAM = P33TK2RVAJ;
				INFOPLIST_FILE = "MVVM-POC/Info.plist";
				LD_RUNPATH_SEARCH_PATHS = (
					"$(inherited)",
					"@executable_path/Frameworks",
				);
				PRODUCT_BUNDLE_IDENTIFIER = "silva.bernardo.MVVM-POC";
				PRODUCT_NAME = "$(TARGET_NAME)";
				SWIFT_VERSION = 5.0;
				TARGETED_DEVICE_FAMILY = "1,2";
			};
			name = Debug;
		};
		648BE0E62434500D00FDC19D /* Release */ = {
			isa = XCBuildConfiguration;
			buildSettings = {
				ASSETCATALOG_COMPILER_APPICON_NAME = AppIcon;
				CODE_SIGN_STYLE = Automatic;
				DEVELOPMENT_TEAM = P33TK2RVAJ;
				INFOPLIST_FILE = "MVVM-POC/Info.plist";
				LD_RUNPATH_SEARCH_PATHS = (
					"$(inherited)",
					"@executable_path/Frameworks",
				);
				PRODUCT_BUNDLE_IDENTIFIER = "silva.bernardo.MVVM-POC";
				PRODUCT_NAME = "$(TARGET_NAME)";
				SWIFT_VERSION = 5.0;
				TARGETED_DEVICE_FAMILY = "1,2";
			};
			name = Release;
		};
/* End XCBuildConfiguration section */

/* Begin XCConfigurationList section */
		648BE0CB2434500900FDC19D /* Build configuration list for PBXProject "MVVM-POC" */ = {
			isa = XCConfigurationList;
			buildConfigurations = (
				648BE0E22434500D00FDC19D /* Debug */,
				648BE0E32434500D00FDC19D /* Release */,
			);
			defaultConfigurationIsVisible = 0;
			defaultConfigurationName = Release;
		};
		648BE0E42434500D00FDC19D /* Build configuration list for PBXNativeTarget "MVVM-POC" */ = {
			isa = XCConfigurationList;
			buildConfigurations = (
				648BE0E52434500D00FDC19D /* Debug */,
				648BE0E62434500D00FDC19D /* Release */,
			);
			defaultConfigurationIsVisible = 0;
			defaultConfigurationName = Release;
		};
/* End XCConfigurationList section */
	};
	rootObject = 648BE0C82434500900FDC19D /* Project object */;
}
